// !$*UTF8*$!
{
	archiveVersion = 1;
	classes = {
	};
	objectVersion = 50;
	objects = {

/* Begin PBXBuildFile section */
		B362606B20D54E16007E390A /* AppDelegate.swift in Sources */ = {isa = PBXBuildFile; fileRef = B362606A20D54E16007E390A /* AppDelegate.swift */; };
		B362606D20D54E16007E390A /* ViewController.swift in Sources */ = {isa = PBXBuildFile; fileRef = B362606C20D54E16007E390A /* ViewController.swift */; };
		B362607020D54E16007E390A /* Main.storyboard in Resources */ = {isa = PBXBuildFile; fileRef = B362606E20D54E16007E390A /* Main.storyboard */; };
		B362607220D54E18007E390A /* Assets.xcassets in Resources */ = {isa = PBXBuildFile; fileRef = B362607120D54E18007E390A /* Assets.xcassets */; };
		B362607520D54E18007E390A /* LaunchScreen.storyboard in Resources */ = {isa = PBXBuildFile; fileRef = B362607320D54E18007E390A /* LaunchScreen.storyboard */; };
		B362608520D555A2007E390A /* MyUIKit.h in Headers */ = {isa = PBXBuildFile; fileRef = B362608320D555A2007E390A /* MyUIKit.h */; settings = {ATTRIBUTES = (Public, ); }; };
		B362608820D555A2007E390A /* MyUIKit.framework in Frameworks */ = {isa = PBXBuildFile; fileRef = B362608120D555A2007E390A /* MyUIKit.framework */; };
		B362608920D555A2007E390A /* MyUIKit.framework in Embed Frameworks */ = {isa = PBXBuildFile; fileRef = B362608120D555A2007E390A /* MyUIKit.framework */; settings = {ATTRIBUTES = (CodeSignOnCopy, RemoveHeadersOnCopy, ); }; };
		B362608F20D555C4007E390A /* File.swift in Sources */ = {isa = PBXBuildFile; fileRef = B362608E20D555C4007E390A /* File.swift */; };
/* End PBXBuildFile section */

/* Begin PBXContainerItemProxy section */
		B362608620D555A2007E390A /* PBXContainerItemProxy */ = {
			isa = PBXContainerItemProxy;
			containerPortal = B362605F20D54E16007E390A /* Project object */;
			proxyType = 1;
			remoteGlobalIDString = B362608020D555A2007E390A;
			remoteInfo = MyUIKit;
		};
/* End PBXContainerItemProxy section */

/* Begin PBXCopyFilesBuildPhase section */
		B362608D20D555A2007E390A /* Embed Frameworks */ = {
			isa = PBXCopyFilesBuildPhase;
			buildActionMask = 2147483647;
			dstPath = "";
			dstSubfolderSpec = 10;
			files = (
				B362608920D555A2007E390A /* MyUIKit.framework in Embed Frameworks */,
			);
			name = "Embed Frameworks";
			runOnlyForDeploymentPostprocessing = 0;
		};
/* End PBXCopyFilesBuildPhase section */

/* Begin PBXFileReference section */
		B362606720D54E16007E390A /* IBDesignableTest.app */ = {isa = PBXFileReference; explicitFileType = wrapper.application; includeInIndex = 0; path = IBDesignableTest.app; sourceTree = BUILT_PRODUCTS_DIR; };
		B362606A20D54E16007E390A /* AppDelegate.swift */ = {isa = PBXFileReference; lastKnownFileType = sourcecode.swift; path = AppDelegate.swift; sourceTree = "<group>"; };
		B362606C20D54E16007E390A /* ViewController.swift */ = {isa = PBXFileReference; lastKnownFileType = sourcecode.swift; path = ViewController.swift; sourceTree = "<group>"; };
		B362606F20D54E16007E390A /* Base */ = {isa = PBXFileReference; lastKnownFileType = file.storyboard; name = Base; path = Base.lproj/Main.storyboard; sourceTree = "<group>"; };
		B362607120D54E18007E390A /* Assets.xcassets */ = {isa = PBXFileReference; lastKnownFileType = folder.assetcatalog; path = Assets.xcassets; sourceTree = "<group>"; };
		B362607420D54E18007E390A /* Base */ = {isa = PBXFileReference; lastKnownFileType = file.storyboard; name = Base; path = Base.lproj/LaunchScreen.storyboard; sourceTree = "<group>"; };
		B362607620D54E18007E390A /* Info.plist */ = {isa = PBXFileReference; lastKnownFileType = text.plist.xml; path = Info.plist; sourceTree = "<group>"; };
		B362608120D555A2007E390A /* MyUIKit.framework */ = {isa = PBXFileReference; explicitFileType = wrapper.framework; includeInIndex = 0; path = MyUIKit.framework; sourceTree = BUILT_PRODUCTS_DIR; };
		B362608320D555A2007E390A /* MyUIKit.h */ = {isa = PBXFileReference; lastKnownFileType = sourcecode.c.h; path = MyUIKit.h; sourceTree = "<group>"; };
		B362608420D555A2007E390A /* Info.plist */ = {isa = PBXFileReference; lastKnownFileType = text.plist.xml; path = Info.plist; sourceTree = "<group>"; };
		B362608E20D555C4007E390A /* File.swift */ = {isa = PBXFileReference; lastKnownFileType = sourcecode.swift; path = File.swift; sourceTree = "<group>"; };
/* End PBXFileReference section */

/* Begin PBXFrameworksBuildPhase section */
		B362606420D54E16007E390A /* Frameworks */ = {
			isa = PBXFrameworksBuildPhase;
			buildActionMask = 2147483647;
			files = (
				B362608820D555A2007E390A /* MyUIKit.framework in Frameworks */,
			);
			runOnlyForDeploymentPostprocessing = 0;
		};
		B362607D20D555A2007E390A /* Frameworks */ = {
			isa = PBXFrameworksBuildPhase;
			buildActionMask = 2147483647;
			files = (
			);
			runOnlyForDeploymentPostprocessing = 0;
		};
/* End PBXFrameworksBuildPhase section */

/* Begin PBXGroup section */
		B362605E20D54E16007E390A = {
			isa = PBXGroup;
			children = (
				B362606920D54E16007E390A /* IBDesignableTest */,
				B362608220D555A2007E390A /* MyUIKit */,
				B362606820D54E16007E390A /* Products */,
			);
			sourceTree = "<group>";
		};
		B362606820D54E16007E390A /* Products */ = {
			isa = PBXGroup;
			children = (
				B362606720D54E16007E390A /* IBDesignableTest.app */,
				B362608120D555A2007E390A /* MyUIKit.framework */,
			);
			name = Products;
			sourceTree = "<group>";
		};
		B362606920D54E16007E390A /* IBDesignableTest */ = {
			isa = PBXGroup;
			children = (
				B362606A20D54E16007E390A /* AppDelegate.swift */,
				B362606C20D54E16007E390A /* ViewController.swift */,
				B362606E20D54E16007E390A /* Main.storyboard */,
				B362607120D54E18007E390A /* Assets.xcassets */,
				B362607320D54E18007E390A /* LaunchScreen.storyboard */,
				B362607620D54E18007E390A /* Info.plist */,
			);
			path = IBDesignableTest;
			sourceTree = "<group>";
		};
		B362608220D555A2007E390A /* MyUIKit */ = {
			isa = PBXGroup;
			children = (
				B362608320D555A2007E390A /* MyUIKit.h */,
				B362608420D555A2007E390A /* Info.plist */,
				B362608E20D555C4007E390A /* File.swift */,
			);
			path = MyUIKit;
			sourceTree = "<group>";
		};
/* End PBXGroup section */

/* Begin PBXHeadersBuildPhase section */
		B362607E20D555A2007E390A /* Headers */ = {
			isa = PBXHeadersBuildPhase;
			buildActionMask = 2147483647;
			files = (
				B362608520D555A2007E390A /* MyUIKit.h in Headers */,
			);
			runOnlyForDeploymentPostprocessing = 0;
		};
/* End PBXHeadersBuildPhase section */

/* Begin PBXNativeTarget section */
		B362606620D54E16007E390A /* IBDesignableTest */ = {
			isa = PBXNativeTarget;
			buildConfigurationList = B362607920D54E18007E390A /* Build configuration list for PBXNativeTarget "IBDesignableTest" */;
			buildPhases = (
				B362606320D54E16007E390A /* Sources */,
				B362606420D54E16007E390A /* Frameworks */,
				B362606520D54E16007E390A /* Resources */,
				B362608D20D555A2007E390A /* Embed Frameworks */,
			);
			buildRules = (
			);
			dependencies = (
				B362608720D555A2007E390A /* PBXTargetDependency */,
			);
			name = IBDesignableTest;
			productName = IBDesignableTest;
			productReference = B362606720D54E16007E390A /* IBDesignableTest.app */;
			productType = "com.apple.product-type.application";
		};
		B362608020D555A2007E390A /* MyUIKit */ = {
			isa = PBXNativeTarget;
			buildConfigurationList = B362608A20D555A2007E390A /* Build configuration list for PBXNativeTarget "MyUIKit" */;
			buildPhases = (
				B362607C20D555A2007E390A /* Sources */,
				B362607D20D555A2007E390A /* Frameworks */,
				B362607E20D555A2007E390A /* Headers */,
				B362607F20D555A2007E390A /* Resources */,
			);
			buildRules = (
			);
			dependencies = (
			);
			name = MyUIKit;
			productName = MyUIKit;
			productReference = B362608120D555A2007E390A /* MyUIKit.framework */;
			productType = "com.apple.product-type.framework";
		};
/* End PBXNativeTarget section */

/* Begin PBXProject section */
		B362605F20D54E16007E390A /* Project object */ = {
			isa = PBXProject;
			attributes = {
				LastSwiftUpdateCheck = 0940;
				LastUpgradeCheck = 0940;
				ORGANIZATIONNAME = "アンドレ";
				TargetAttributes = {
					B362606620D54E16007E390A = {
						CreatedOnToolsVersion = 9.4.1;
					};
					B362608020D555A2007E390A = {
						CreatedOnToolsVersion = 9.4.1;
						LastSwiftMigration = 0940;
					};
				};
			};
			buildConfigurationList = B362606220D54E16007E390A /* Build configuration list for PBXProject "IBDesignableTest" */;
			compatibilityVersion = "Xcode 9.3";
			developmentRegion = en;
			hasScannedForEncodings = 0;
			knownRegions = (
				en,
				Base,
			);
			mainGroup = B362605E20D54E16007E390A;
			productRefGroup = B362606820D54E16007E390A /* Products */;
			projectDirPath = "";
			projectRoot = "";
			targets = (
				B362606620D54E16007E390A /* IBDesignableTest */,
				B362608020D555A2007E390A /* MyUIKit */,
			);
		};
/* End PBXProject section */

/* Begin PBXResourcesBuildPhase section */
		B362606520D54E16007E390A /* Resources */ = {
			isa = PBXResourcesBuildPhase;
			buildActionMask = 2147483647;
			files = (
				B362607520D54E18007E390A /* LaunchScreen.storyboard in Resources */,
				B362607220D54E18007E390A /* Assets.xcassets in Resources */,
				B362607020D54E16007E390A /* Main.storyboard in Resources */,
			);
			runOnlyForDeploymentPostprocessing = 0;
		};
		B362607F20D555A2007E390A /* Resources */ = {
			isa = PBXResourcesBuildPhase;
			buildActionMask = 2147483647;
			files = (
			);
			runOnlyForDeploymentPostprocessing = 0;
		};
/* End PBXResourcesBuildPhase section */

/* Begin PBXSourcesBuildPhase section */
		B362606320D54E16007E390A /* Sources */ = {
			isa = PBXSourcesBuildPhase;
			buildActionMask = 2147483647;
			files = (
				B362606D20D54E16007E390A /* ViewController.swift in Sources */,
				B362606B20D54E16007E390A /* AppDelegate.swift in Sources */,
			);
			runOnlyForDeploymentPostprocessing = 0;
		};
		B362607C20D555A2007E390A /* Sources */ = {
			isa = PBXSourcesBuildPhase;
			buildActionMask = 2147483647;
			files = (
				B362608F20D555C4007E390A /* File.swift in Sources */,
			);
			runOnlyForDeploymentPostprocessing = 0;
		};
/* End PBXSourcesBuildPhase section */

/* Begin PBXTargetDependency section */
		B362608720D555A2007E390A /* PBXTargetDependency */ = {
			isa = PBXTargetDependency;
			target = B362608020D555A2007E390A /* MyUIKit */;
			targetProxy = B362608620D555A2007E390A /* PBXContainerItemProxy */;
		};
/* End PBXTargetDependency section */

/* Begin PBXVariantGroup section */
		B362606E20D54E16007E390A /* Main.storyboard */ = {
			isa = PBXVariantGroup;
			children = (
				B362606F20D54E16007E390A /* Base */,
			);
			name = Main.storyboard;
			sourceTree = "<group>";
		};
		B362607320D54E18007E390A /* LaunchScreen.storyboard */ = {
			isa = PBXVariantGroup;
			children = (
				B362607420D54E18007E390A /* Base */,
			);
			name = LaunchScreen.storyboard;
			sourceTree = "<group>";
		};
/* End PBXVariantGroup section */

/* Begin XCBuildConfiguration section */
		B362607720D54E18007E390A /* Debug */ = {
			isa = XCBuildConfiguration;
			buildSettings = {
				ALWAYS_SEARCH_USER_PATHS = NO;
				CLANG_ANALYZER_NONNULL = YES;
				CLANG_ANALYZER_NUMBER_OBJECT_CONVERSION = YES_AGGRESSIVE;
				CLANG_CXX_LANGUAGE_STANDARD = "gnu++14";
				CLANG_CXX_LIBRARY = "libc++";
				CLANG_ENABLE_MODULES = YES;
				CLANG_ENABLE_OBJC_ARC = YES;
				CLANG_ENABLE_OBJC_WEAK = YES;
				CLANG_WARN_BLOCK_CAPTURE_AUTORELEASING = YES;
				CLANG_WARN_BOOL_CONVERSION = YES;
				CLANG_WARN_COMMA = YES;
				CLANG_WARN_CONSTANT_CONVERSION = YES;
				CLANG_WARN_DEPRECATED_OBJC_IMPLEMENTATIONS = YES;
				CLANG_WARN_DIRECT_OBJC_ISA_USAGE = YES_ERROR;
				CLANG_WARN_DOCUMENTATION_COMMENTS = YES;
				CLANG_WARN_EMPTY_BODY = YES;
				CLANG_WARN_ENUM_CONVERSION = YES;
				CLANG_WARN_INFINITE_RECURSION = YES;
				CLANG_WARN_INT_CONVERSION = YES;
				CLANG_WARN_NON_LITERAL_NULL_CONVERSION = YES;
				CLANG_WARN_OBJC_IMPLICIT_RETAIN_SELF = YES;
				CLANG_WARN_OBJC_LITERAL_CONVERSION = YES;
				CLANG_WARN_OBJC_ROOT_CLASS = YES_ERROR;
				CLANG_WARN_RANGE_LOOP_ANALYSIS = YES;
				CLANG_WARN_STRICT_PROTOTYPES = YES;
				CLANG_WARN_SUSPICIOUS_MOVE = YES;
				CLANG_WARN_UNGUARDED_AVAILABILITY = YES_AGGRESSIVE;
				CLANG_WARN_UNREACHABLE_CODE = YES;
				CLANG_WARN__DUPLICATE_METHOD_MATCH = YES;
				CODE_SIGN_IDENTITY = "iPhone Developer";
				COPY_PHASE_STRIP = NO;
				DEBUG_INFORMATION_FORMAT = dwarf;
				ENABLE_STRICT_OBJC_MSGSEND = YES;
				ENABLE_TESTABILITY = YES;
				GCC_C_LANGUAGE_STANDARD = gnu11;
				GCC_DYNAMIC_NO_PIC = NO;
				GCC_NO_COMMON_BLOCKS = YES;
				GCC_OPTIMIZATION_LEVEL = 0;
				GCC_PREPROCESSOR_DEFINITIONS = (
					"DEBUG=1",
					"$(inherited)",
				);
				GCC_WARN_64_TO_32_BIT_CONVERSION = YES;
				GCC_WARN_ABOUT_RETURN_TYPE = YES_ERROR;
				GCC_WARN_UNDECLARED_SELECTOR = YES;
				GCC_WARN_UNINITIALIZED_AUTOS = YES_AGGRESSIVE;
				GCC_WARN_UNUSED_FUNCTION = YES;
				GCC_WARN_UNUSED_VARIABLE = YES;
				IPHONEOS_DEPLOYMENT_TARGET = 11.4;
				MTL_ENABLE_DEBUG_INFO = YES;
				ONLY_ACTIVE_ARCH = YES;
				SDKROOT = iphoneos;
				SWIFT_ACTIVE_COMPILATION_CONDITIONS = DEBUG;
				SWIFT_OPTIMIZATION_LEVEL = "-Onone";
			};
			name = Debug;
		};
		B362607820D54E18007E390A /* Release */ = {
			isa = XCBuildConfiguration;
			buildSettings = {
				ALWAYS_SEARCH_USER_PATHS = NO;
				CLANG_ANALYZER_NONNULL = YES;
				CLANG_ANALYZER_NUMBER_OBJECT_CONVERSION = YES_AGGRESSIVE;
				CLANG_CXX_LANGUAGE_STANDARD = "gnu++14";
				CLANG_CXX_LIBRARY = "libc++";
				CLANG_ENABLE_MODULES = YES;
				CLANG_ENABLE_OBJC_ARC = YES;
				CLANG_ENABLE_OBJC_WEAK = YES;
				CLANG_WARN_BLOCK_CAPTURE_AUTORELEASING = YES;
				CLANG_WARN_BOOL_CONVERSION = YES;
				CLANG_WARN_COMMA = YES;
				CLANG_WARN_CONSTANT_CONVERSION = YES;
				CLANG_WARN_DEPRECATED_OBJC_IMPLEMENTATIONS = YES;
				CLANG_WARN_DIRECT_OBJC_ISA_USAGE = YES_ERROR;
				CLANG_WARN_DOCUMENTATION_COMMENTS = YES;
				CLANG_WARN_EMPTY_BODY = YES;
				CLANG_WARN_ENUM_CONVERSION = YES;
				CLANG_WARN_INFINITE_RECURSION = YES;
				CLANG_WARN_INT_CONVERSION = YES;
				CLANG_WARN_NON_LITERAL_NULL_CONVERSION = YES;
				CLANG_WARN_OBJC_IMPLICIT_RETAIN_SELF = YES;
				CLANG_WARN_OBJC_LITERAL_CONVERSION = YES;
				CLANG_WARN_OBJC_ROOT_CLASS = YES_ERROR;
				CLANG_WARN_RANGE_LOOP_ANALYSIS = YES;
				CLANG_WARN_STRICT_PROTOTYPES = YES;
				CLANG_WARN_SUSPICIOUS_MOVE = YES;
				CLANG_WARN_UNGUARDED_AVAILABILITY = YES_AGGRESSIVE;
				CLANG_WARN_UNREACHABLE_CODE = YES;
				CLANG_WARN__DUPLICATE_METHOD_MATCH = YES;
				CODE_SIGN_IDENTITY = "iPhone Developer";
				COPY_PHASE_STRIP = NO;
				DEBUG_INFORMATION_FORMAT = "dwarf-with-dsym";
				ENABLE_NS_ASSERTIONS = NO;
				ENABLE_STRICT_OBJC_MSGSEND = YES;
				GCC_C_LANGUAGE_STANDARD = gnu11;
				GCC_NO_COMMON_BLOCKS = YES;
				GCC_WARN_64_TO_32_BIT_CONVERSION = YES;
				GCC_WARN_ABOUT_RETURN_TYPE = YES_ERROR;
				GCC_WARN_UNDECLARED_SELECTOR = YES;
				GCC_WARN_UNINITIALIZED_AUTOS = YES_AGGRESSIVE;
				GCC_WARN_UNUSED_FUNCTION = YES;
				GCC_WARN_UNUSED_VARIABLE = YES;
				IPHONEOS_DEPLOYMENT_TARGET = 11.4;
				MTL_ENABLE_DEBUG_INFO = NO;
				SDKROOT = iphoneos;
				SWIFT_COMPILATION_MODE = wholemodule;
				SWIFT_OPTIMIZATION_LEVEL = "-O";
				VALIDATE_PRODUCT = YES;
			};
			name = Release;
		};
		B362607A20D54E18007E390A /* Debug */ = {
			isa = XCBuildConfiguration;
			buildSettings = {
				ALWAYS_EMBED_SWIFT_STANDARD_LIBRARIES = YES;
				ASSETCATALOG_COMPILER_APPICON_NAME = AppIcon;
				CODE_SIGN_STYLE = Automatic;
				DEVELOPMENT_TEAM = KPBMY72PJU;
				INFOPLIST_FILE = IBDesignableTest/Info.plist;
				LD_RUNPATH_SEARCH_PATHS = (
					"$(inherited)",
					"@executable_path/Frameworks",
				);
				PRODUCT_BUNDLE_IDENTIFIER = com.andrekandore.IBDesignableTest;
				PRODUCT_NAME = "$(TARGET_NAME)";
				SWIFT_VERSION = 4.0;
				TARGETED_DEVICE_FAMILY = "1,2";
			};
			name = Debug;
		};
		B362607B20D54E18007E390A /* Release */ = {
			isa = XCBuildConfiguration;
			buildSettings = {
				ALWAYS_EMBED_SWIFT_STANDARD_LIBRARIES = YES;
				ASSETCATALOG_COMPILER_APPICON_NAME = AppIcon;
				CODE_SIGN_STYLE = Automatic;
				DEVELOPMENT_TEAM = KPBMY72PJU;
				INFOPLIST_FILE = IBDesignableTest/Info.plist;
				LD_RUNPATH_SEARCH_PATHS = (
					"$(inherited)",
					"@executable_path/Frameworks",
				);
				PRODUCT_BUNDLE_IDENTIFIER = com.andrekandore.IBDesignableTest;
				PRODUCT_NAME = "$(TARGET_NAME)";
				SWIFT_VERSION = 4.0;
				TARGETED_DEVICE_FAMILY = "1,2";
			};
			name = Release;
		};
		B362608B20D555A2007E390A /* Debug */ = {
			isa = XCBuildConfiguration;
			buildSettings = {
				CLANG_ENABLE_MODULES = YES;
				CODE_SIGN_IDENTITY = "";
				CODE_SIGN_STYLE = Automatic;
				CURRENT_PROJECT_VERSION = 1;
				DEFINES_MODULE = YES;
				DEVELOPMENT_TEAM = KPBMY72PJU;
				DYLIB_COMPATIBILITY_VERSION = 1;
				DYLIB_CURRENT_VERSION = 1;
				DYLIB_INSTALL_NAME_BASE = "@rpath";
				INFOPLIST_FILE = MyUIKit/Info.plist;
				INSTALL_PATH = "$(LOCAL_LIBRARY_DIR)/Frameworks";
				LD_RUNPATH_SEARCH_PATHS = (
					"$(inherited)",
					"@executable_path/Frameworks",
					"@loader_path/Frameworks",
				);
				PRODUCT_BUNDLE_IDENTIFIER = com.andrekandore.MyUIKit;
				PRODUCT_NAME = "$(TARGET_NAME:c99extidentifier)";
				SKIP_INSTALL = YES;
				SWIFT_OPTIMIZATION_LEVEL = "-Onone";
				SWIFT_VERSION = 4.0;
				TARGETED_DEVICE_FAMILY = "1,2";
				VERSIONING_SYSTEM = "apple-generic";
				VERSION_INFO_PREFIX = "";
			};
			name = Debug;
		};
		B362608C20D555A2007E390A /* Release */ = {
			isa = XCBuildConfiguration;
			buildSettings = {
				CLANG_ENABLE_MODULES = YES;
				CODE_SIGN_IDENTITY = "";
				CODE_SIGN_STYLE = Automatic;
				CURRENT_PROJECT_VERSION = 1;
				DEFINES_MODULE = YES;
				DEVELOPMENT_TEAM = KPBMY72PJU;
				DYLIB_COMPATIBILITY_VERSION = 1;
				DYLIB_CURRENT_VERSION = 1;
				DYLIB_INSTALL_NAME_BASE = "@rpath";
				INFOPLIST_FILE = MyUIKit/Info.plist;
				INSTALL_PATH = "$(LOCAL_LIBRARY_DIR)/Frameworks";
				LD_RUNPATH_SEARCH_PATHS = (
					"$(inherited)",
					"@executable_path/Frameworks",
					"@loader_path/Frameworks",
				);
				PRODUCT_BUNDLE_IDENTIFIER = com.andrekandore.MyUIKit;
				PRODUCT_NAME = "$(TARGET_NAME:c99extidentifier)";
				SKIP_INSTALL = YES;
				SWIFT_VERSION = 4.0;
				TARGETED_DEVICE_FAMILY = "1,2";
				VERSIONING_SYSTEM = "apple-generic";
				VERSION_INFO_PREFIX = "";
			};
			name = Release;
		};
/* End XCBuildConfiguration section */

/* Begin XCConfigurationList section */
		B362606220D54E16007E390A /* Build configuration list for PBXProject "IBDesignableTest" */ = {
			isa = XCConfigurationList;
			buildConfigurations = (
				B362607720D54E18007E390A /* Debug */,
				B362607820D54E18007E390A /* Release */,
			);
			defaultConfigurationIsVisible = 0;
			defaultConfigurationName = Release;
		};
		B362607920D54E18007E390A /* Build configuration list for PBXNativeTarget "IBDesignableTest" */ = {
			isa = XCConfigurationList;
			buildConfigurations = (
				B362607A20D54E18007E390A /* Debug */,
				B362607B20D54E18007E390A /* Release */,
			);
			defaultConfigurationIsVisible = 0;
			defaultConfigurationName = Release;
		};
		B362608A20D555A2007E390A /* Build configuration list for PBXNativeTarget "MyUIKit" */ = {
			isa = XCConfigurationList;
			buildConfigurations = (
				B362608B20D555A2007E390A /* Debug */,
				B362608C20D555A2007E390A /* Release */,
			);
			defaultConfigurationIsVisible = 0;
			defaultConfigurationName = Release;
		};
/* End XCConfigurationList section */
	};
	rootObject = B362605F20D54E16007E390A /* Project object */;
}
